{
  "name": "extensions",
  "version": "1.0.0",
  "lockfileVersion": 3,
  "requires": true,
  "packages": {
    "": {
      "name": "extensions",
      "version": "1.0.0",
      "license": "ISC",
      "dependencies": {
        "coc-json": "^1.9.3",
        "coc-pyright": "^1.1.411",
        "coc-rust-analyzer": "^0.89.2",
        "coc-tsserver": "^2.3.1"
      }
    },
    "node_modules/coc-json": {
      "version": "1.9.3",
      "resolved": "https://registry.npmjs.org/coc-json/-/coc-json-1.9.3.tgz",
      "integrity": "sha512-72Lb7fq2Jr2hh+hOfwAHORkFSfmBGieF6tCaQY5n/DVd9He2HrQCRtBK11TVPAaWcloRlnwG0/QLSB8VxhboiQ==",
      "license": "MIT",
      "engines": {
        "coc": ">= 0.0.80"
      }
    },
    "node_modules/coc-pyright": {
      "version": "1.1.411",
      "resolved": "https://registry.npmjs.org/coc-pyright/-/coc-pyright-1.1.411.tgz",
      "integrity": "sha512-ElWuyh65fHDejtdr4bLRxcLFGPEbkpY4cvXcH7UnSQ9PQsFVZAhBFnycTzJ+8x8aSGaiKsOizccjk6MHQ8pXzw==",
      "license": "MIT",
      "dependencies": {
        "pyright": "^1.1.411"
      },
      "engines": {
        "coc": "^0.0.80"
      }
    },
    "node_modules/coc-rust-analyzer": {
      "version": "0.89.2",
      "resolved": "https://registry.npmjs.org/coc-rust-analyzer/-/coc-rust-analyzer-0.89.2.tgz",
      "integrity": "sha512-HLODdzSXWcf961mqAUCQxrqWQIsflCRza1HzKd1m8t6P0E0QeHt1oGaN2QX6zeNooaHdvnNTydLlKTeOXTriog==",
      "license": "MIT",
      "engines": {
        "coc": "^0.0.80"
      }
    },
    "node_modules/coc-tsserver": {
      "version": "2.3.1",
      "resolved": "https://registry.npmjs.org/coc-tsserver/-/coc-tsserver-2.3.1.tgz",
      "integrity": "sha512-cAJP4bOApxzr/eFHRSMSDLA8BSoBhIGzPLVNJS44NWeZ8sbFEWwrsTvV97ypQe3EnJdfVGPs0KTg3i45xPgsFA==",
      "license": "MIT",
      "dependencies": {
        "typescript": "^5.3.2"
      },
      "engines": {
        "coc": "^0.0.82"
      }
    },
    "node_modules/fsevents": {
      "version": "2.3.3",
      "resolved": "https://registry.npmjs.org/fsevents/-/fsevents-2.3.3.tgz",
      "integrity": "sha512-5xoDfX+fL7faATnagmWPpbFtwh/R77WmMMqqHGS65C3vvB0YHrgF+B1YmZ3441tMj5n63k0212XNoJwzlhffQw==",
      "hasInstallScript": true,
      "license": "MIT",
      "optional": true,
      "os": [
        "darwin"
      ],
      "engines": {
        "node": "^8.16.0 || ^10.6.0 || >=11.0.0"
      }
    },
    "node_modules/pyright": {
      "version": "1.1.411",
      "resolved": "https://registry.npmjs.org/pyright/-/pyright-1.1.411.tgz",
      "integrity": "sha512-03S/vmS5lF1S/tVbKc2WNXCMq8JWCwta/qIYjj1jvqbQhoy+N3NgBzHTSmUlbYD6DJwqQ5XHf108QujoqeURvw==",
      "license": "MIT",
      "bin": {
        "pyright": "index.js",
        "pyright-langserver": "langserver.index.js"
      },
      "engines": {
        "node": ">=14.0.0"
      },
      "optionalDependencies": {
        "fsevents": "~2.3.3"
      }
    },
    "node_modules/typescript": {
      "version": "5.9.3",
      "resolved": "https://registry.npmjs.org/typescript/-/typescript-5.9.3.tgz",
      "integrity": "sha512-jl1vZzPDinLr9eUt3J/t7V6FgNEw9QjvBPdysz9KfQDD41fQrC2Y4vKQdiaUpFT4bXlb1RHhLpp8wtm6M5TgSw==",
      "license": "Apache-2.0",
      "bin": {
        "tsc": "bin/tsc",
        "tsserver": "bin/tsserver"
      },
      "engines": {
        "node": ">=14.17"
      }
    }
  }
}
